
Microsoft Visual Studio Solution File, Format Version 12.00
# Visual Studio Version 17
VisualStudioVersion = 17.12.35707.178
MinimumVisualStudioVersion = 10.0.40219.1
Project("{FAE04EC0-301F-11D3-BF4B-00C04F79EFBC}") = "PoC.ApiClient.Rebus", "PoC.ApiClient.Rebus\PoC.ApiClient.Rebus.csproj", "{C8B2FEB3-2490-4C21-875B-EF023144500B}"
EndProject
Project("{FAE04EC0-301F-11D3-BF4B-00C04F79EFBC}") = "PoC.Common", "PoC.Common\PoC.Common.csproj", "{89792403-20B1-42F7-B554-DA4B770B9497}"
EndProject
Project("{FAE04EC0-301F-11D3-BF4B-00C04F79EFBC}") = "PoC.Worker.Rebus", "PoC.Worker.Rebus\PoC.Worker.Rebus.csproj", "{E229B1C0-B46D-40D0-A1BA-B7A520E27F75}"
EndProject
Project("{2150E333-8FDC-42A3-9474-1A3956D46DE8}") = "Rebus", "Rebus", "{2978A1B0-6FF3-4461-AAF9-9BDD8C3660DF}"
EndProject
Global
	GlobalSection(SolutionConfigurationPlatforms) = preSolution
		Debug|Any CPU = Debug|Any CPU
		Release|Any CPU = Release|Any CPU
	EndGlobalSection
	GlobalSection(ProjectConfigurationPlatforms) = postSolution
		{C8B2FEB3-2490-4C21-875B-EF023144500B}.Debug|Any CPU.ActiveCfg = Debug|Any CPU
		{C8B2FEB3-2490-4C21-875B-EF023144500B}.Debug|Any CPU.Build.0 = Debug|Any CPU
		{C8B2FEB3-2490-4C21-875B-EF023144500B}.Release|Any CPU.ActiveCfg = Release|Any CPU
		{C8B2FEB3-2490-4C21-875B-EF023144500B}.Release|Any CPU.Build.0 = Release|Any CPU
		{89792403-20B1-42F7-B554-DA4B770B9497}.Debug|Any CPU.ActiveCfg = Debug|Any CPU
		{89792403-20B1-42F7-B554-DA4B770B9497}.Debug|Any CPU.Build.0 = Debug|Any CPU
		{89792403-20B1-42F7-B554-DA4B770B9497}.Release|Any CPU.ActiveCfg = Release|Any CPU
		{89792403-20B1-42F7-B554-DA4B770B9497}.Release|Any CPU.Build.0 = Release|Any CPU
		{E229B1C0-B46D-40D0-A1BA-B7A520E27F75}.Debug|Any CPU.ActiveCfg = Debug|Any CPU
		{E229B1C0-B46D-40D0-A1BA-B7A520E27F75}.Debug|Any CPU.Build.0 = Debug|Any CPU
		{E229B1C0-B46D-40D0-A1BA-B7A520E27F75}.Release|Any CPU.ActiveCfg = Release|Any CPU
		{E229B1C0-B46D-40D0-A1BA-B7A520E27F75}.Release|Any CPU.Build.0 = Release|Any CPU
	EndGlobalSection
	GlobalSection(SolutionProperties) = preSolution
		HideSolutionNode = FALSE
	EndGlobalSection
	GlobalSection(NestedProjects) = preSolution
		{C8B2FEB3-2490-4C21-875B-EF023144500B} = {2978A1B0-6FF3-4461-AAF9-9BDD8C3660DF}
		{E229B1C0-B46D-40D0-A1BA-B7A520E27F75} = {2978A1B0-6FF3-4461-AAF9-9BDD8C3660DF}
	EndGlobalSection
EndGlobal
